{
  "requires": true,
  "lockfileVersion": 1,
  "dependencies": {
    "@docusaurus/plugin-google-analytics": {
      "version": "2.0.0-alpha.37",
      "resolved": "https://registry.npmjs.org/@docusaurus/plugin-google-analytics/-/plugin-google-analytics-2.0.0-alpha.37.tgz",
      "integrity": "sha512-RCR2UHL6OyYSupRxVn0x4PBJf4VJ1Xob/5Ps0ang915KfrUjLh51aXtvtx3SlRqsMJQt0aS/K5RFsPrpyfP38g=="
    }
  }
}
